
Microsoft Visual Studio Solution File, Format Version 12.00
# Visual Studio Version 16
VisualStudioVersion = 16.0.31702.278
MinimumVisualStudioVersion = 10.0.40219.1
Project("{FAE04EC0-301F-11D3-BF4B-00C04F79EFBC}") = "StringStartsWith", "StringStartsWith.csproj", "{F384EEF9-A053-4AA3-9A47-0048B90566B6}"
EndProject
Global
	GlobalSection(SolutionConfigurationPlatforms) = preSolution
		Debug|Any CPU = Debug|Any CPU
		Release|Any CPU = Release|Any CPU
	EndGlobalSection
	GlobalSection(ProjectConfigurationPlatforms) = postSolution
		{F384EEF9-A053-4AA3-9A47-0048B90566B6}.Debug|Any CPU.ActiveCfg = Debug|Any CPU
		{F384EEF9-A053-4AA3-9A47-0048B90566B6}.Debug|Any CPU.Build.0 = Debug|Any CPU
		{F384EEF9-A053-4AA3-9A47-0048B90566B6}.Release|Any CPU.ActiveCfg = Release|Any CPU
		{F384EEF9-A053-4AA3-9A47-0048B90566B6}.Release|Any CPU.Build.0 = Release|Any CPU
	EndGlobalSection
	GlobalSection(SolutionProperties) = preSolution
		HideSolutionNode = FALSE
	EndGlobalSection
	GlobalSection(ExtensibilityGlobals) = postSolution
		SolutionGuid = {5AEB0444-9D80-4492-97AA-EB74B69DE35B}
	EndGlobalSection
EndGlobal
