
Microsoft Visual Studio Solution File, Format Version 12.00
# Visual Studio Version 16
VisualStudioVersion = 16.0.31702.278
MinimumVisualStudioVersion = 10.0.40219.1
Project("{FAE04EC0-301F-11D3-BF4B-00C04F79EFBC}") = "Today", "Today.csproj", "{9BC49BF4-A1C1-453C-B00D-804BC6DB985E}"
EndProject
Global
	GlobalSection(SolutionConfigurationPlatforms) = preSolution
		Debug|Any CPU = Debug|Any CPU
		Release|Any CPU = Release|Any CPU
	EndGlobalSection
	GlobalSection(ProjectConfigurationPlatforms) = postSolution
		{9BC49BF4-A1C1-453C-B00D-804BC6DB985E}.Debug|Any CPU.ActiveCfg = Debug|Any CPU
		{9BC49BF4-A1C1-453C-B00D-804BC6DB985E}.Debug|Any CPU.Build.0 = Debug|Any CPU
		{9BC49BF4-A1C1-453C-B00D-804BC6DB985E}.Release|Any CPU.ActiveCfg = Release|Any CPU
		{9BC49BF4-A1C1-453C-B00D-804BC6DB985E}.Release|Any CPU.Build.0 = Release|Any CPU
	EndGlobalSection
	GlobalSection(SolutionProperties) = preSolution
		HideSolutionNode = FALSE
	EndGlobalSection
	GlobalSection(ExtensibilityGlobals) = postSolution
		SolutionGuid = {0909FE2B-1A39-413D-9CE7-F238754E8BD8}
	EndGlobalSection
EndGlobal
