
Microsoft Visual Studio Solution File, Format Version 12.00
# Visual Studio Version 16
VisualStudioVersion = 16.0.31702.278
MinimumVisualStudioVersion = 10.0.40219.1
Project("{FAE04EC0-301F-11D3-BF4B-00C04F79EFBC}") = "ReturnNLastElements", "ReturnNLastElements.csproj", "{3DFDA0CA-D410-4EB6-955A-9C9CD63D12EB}"
EndProject
Global
	GlobalSection(SolutionConfigurationPlatforms) = preSolution
		Debug|Any CPU = Debug|Any CPU
		Release|Any CPU = Release|Any CPU
	EndGlobalSection
	GlobalSection(ProjectConfigurationPlatforms) = postSolution
		{3DFDA0CA-D410-4EB6-955A-9C9CD63D12EB}.Debug|Any CPU.ActiveCfg = Debug|Any CPU
		{3DFDA0CA-D410-4EB6-955A-9C9CD63D12EB}.Debug|Any CPU.Build.0 = Debug|Any CPU
		{3DFDA0CA-D410-4EB6-955A-9C9CD63D12EB}.Release|Any CPU.ActiveCfg = Release|Any CPU
		{3DFDA0CA-D410-4EB6-955A-9C9CD63D12EB}.Release|Any CPU.Build.0 = Release|Any CPU
	EndGlobalSection
	GlobalSection(SolutionProperties) = preSolution
		HideSolutionNode = FALSE
	EndGlobalSection
	GlobalSection(ExtensibilityGlobals) = postSolution
		SolutionGuid = {8B2D62EB-0107-4B09-8BE1-23766904DACB}
	EndGlobalSection
EndGlobal
