
Microsoft Visual Studio Solution File, Format Version 12.00
# Visual Studio Version 16
VisualStudioVersion = 16.0.31702.278
MinimumVisualStudioVersion = 10.0.40219.1
Project("{FAE04EC0-301F-11D3-BF4B-00C04F79EFBC}") = "RegExValidate", "RegExValidate.csproj", "{EE9FE679-67A5-42A5-B83E-FE69CCE2C9C9}"
EndProject
Global
	GlobalSection(SolutionConfigurationPlatforms) = preSolution
		Debug|Any CPU = Debug|Any CPU
		Release|Any CPU = Release|Any CPU
	EndGlobalSection
	GlobalSection(ProjectConfigurationPlatforms) = postSolution
		{EE9FE679-67A5-42A5-B83E-FE69CCE2C9C9}.Debug|Any CPU.ActiveCfg = Debug|Any CPU
		{EE9FE679-67A5-42A5-B83E-FE69CCE2C9C9}.Debug|Any CPU.Build.0 = Debug|Any CPU
		{EE9FE679-67A5-42A5-B83E-FE69CCE2C9C9}.Release|Any CPU.ActiveCfg = Release|Any CPU
		{EE9FE679-67A5-42A5-B83E-FE69CCE2C9C9}.Release|Any CPU.Build.0 = Release|Any CPU
	EndGlobalSection
	GlobalSection(SolutionProperties) = preSolution
		HideSolutionNode = FALSE
	EndGlobalSection
	GlobalSection(ExtensibilityGlobals) = postSolution
		SolutionGuid = {11B8B796-C622-4E15-B50F-52D6193F66DB}
	EndGlobalSection
EndGlobal
