
Microsoft Visual Studio Solution File, Format Version 12.00
# Visual Studio Version 16
VisualStudioVersion = 16.0.31702.278
MinimumVisualStudioVersion = 10.0.40219.1
Project("{FAE04EC0-301F-11D3-BF4B-00C04F79EFBC}") = "ExportToCSV", "ExportToCSV.csproj", "{19FE5D32-4416-4494-8B90-216A5D4EC297}"
EndProject
Global
	GlobalSection(SolutionConfigurationPlatforms) = preSolution
		Debug|Any CPU = Debug|Any CPU
		Release|Any CPU = Release|Any CPU
	EndGlobalSection
	GlobalSection(ProjectConfigurationPlatforms) = postSolution
		{19FE5D32-4416-4494-8B90-216A5D4EC297}.Debug|Any CPU.ActiveCfg = Debug|Any CPU
		{19FE5D32-4416-4494-8B90-216A5D4EC297}.Debug|Any CPU.Build.0 = Debug|Any CPU
		{19FE5D32-4416-4494-8B90-216A5D4EC297}.Release|Any CPU.ActiveCfg = Release|Any CPU
		{19FE5D32-4416-4494-8B90-216A5D4EC297}.Release|Any CPU.Build.0 = Release|Any CPU
	EndGlobalSection
	GlobalSection(SolutionProperties) = preSolution
		HideSolutionNode = FALSE
	EndGlobalSection
	GlobalSection(ExtensibilityGlobals) = postSolution
		SolutionGuid = {2EF3AC84-41B3-4BC7-AE60-F3D0486F53F9}
	EndGlobalSection
EndGlobal
