
Microsoft Visual Studio Solution File, Format Version 12.00
# Visual Studio Version 16
VisualStudioVersion = 16.0.31702.278
MinimumVisualStudioVersion = 10.0.40219.1
Project("{FAE04EC0-301F-11D3-BF4B-00C04F79EFBC}") = "Month", "Month.csproj", "{B67E5B93-9D0C-43B4-8A88-200C78BA6A83}"
EndProject
Global
	GlobalSection(SolutionConfigurationPlatforms) = preSolution
		Debug|Any CPU = Debug|Any CPU
		Release|Any CPU = Release|Any CPU
	EndGlobalSection
	GlobalSection(ProjectConfigurationPlatforms) = postSolution
		{B67E5B93-9D0C-43B4-8A88-200C78BA6A83}.Debug|Any CPU.ActiveCfg = Debug|Any CPU
		{B67E5B93-9D0C-43B4-8A88-200C78BA6A83}.Debug|Any CPU.Build.0 = Debug|Any CPU
		{B67E5B93-9D0C-43B4-8A88-200C78BA6A83}.Release|Any CPU.ActiveCfg = Release|Any CPU
		{B67E5B93-9D0C-43B4-8A88-200C78BA6A83}.Release|Any CPU.Build.0 = Release|Any CPU
	EndGlobalSection
	GlobalSection(SolutionProperties) = preSolution
		HideSolutionNode = FALSE
	EndGlobalSection
	GlobalSection(ExtensibilityGlobals) = postSolution
		SolutionGuid = {375589C1-B83F-4E0E-A61D-1E83C6E18184}
	EndGlobalSection
EndGlobal
