
Microsoft Visual Studio Solution File, Format Version 12.00
# Visual Studio Version 17
VisualStudioVersion = 17.9.34622.214
MinimumVisualStudioVersion = 10.0.40219.1
Project("{FAE04EC0-301F-11D3-BF4B-00C04F79EFBC}") = "WithCredentials", "WithCredentials\WithCredentials.csproj", "{DF192733-48F5-640A-F514-7D9A91211C36}"
EndProject
Project("{FAE04EC0-301F-11D3-BF4B-00C04F79EFBC}") = "AllEvents", "AllEvents\AllEvents.csproj", "{4865F318-7D30-915A-9D17-24B2B5C7A671}"
EndProject
Project("{FAE04EC0-301F-11D3-BF4B-00C04F79EFBC}") = "NoEvents", "NoEvents\NoEvents.csproj", "{3037453B-DD36-22E9-BE51-32BDA9573E4E}"
EndProject
Project("{FAE04EC0-301F-11D3-BF4B-00C04F79EFBC}") = "WithEvents", "WithEvents\WithEvents.csproj", "{514EC10E-3DE5-C063-ECFD-4EC18AF46651}"
EndProject
Project("{FAE04EC0-301F-11D3-BF4B-00C04F79EFBC}") = "WithSplit", "WithSplit\WithSplit.csproj", "{AF15AD87-132A-9C11-3CFB-6E42E9A3E642}"
EndProject
Global
	GlobalSection(SolutionConfigurationPlatforms) = preSolution
		Debug|Any CPU = Debug|Any CPU
		Release|Any CPU = Release|Any CPU
	EndGlobalSection
	GlobalSection(ProjectConfigurationPlatforms) = postSolution
		{DF192733-48F5-640A-F514-7D9A91211C36}.Debug|Any CPU.ActiveCfg = Debug|Any CPU
		{DF192733-48F5-640A-F514-7D9A91211C36}.Debug|Any CPU.Build.0 = Debug|Any CPU
		{DF192733-48F5-640A-F514-7D9A91211C36}.Release|Any CPU.ActiveCfg = Release|Any CPU
		{DF192733-48F5-640A-F514-7D9A91211C36}.Release|Any CPU.Build.0 = Release|Any CPU
		{4865F318-7D30-915A-9D17-24B2B5C7A671}.Debug|Any CPU.ActiveCfg = Debug|Any CPU
		{4865F318-7D30-915A-9D17-24B2B5C7A671}.Debug|Any CPU.Build.0 = Debug|Any CPU
		{4865F318-7D30-915A-9D17-24B2B5C7A671}.Release|Any CPU.ActiveCfg = Release|Any CPU
		{4865F318-7D30-915A-9D17-24B2B5C7A671}.Release|Any CPU.Build.0 = Release|Any CPU
		{3037453B-DD36-22E9-BE51-32BDA9573E4E}.Debug|Any CPU.ActiveCfg = Debug|Any CPU
		{3037453B-DD36-22E9-BE51-32BDA9573E4E}.Debug|Any CPU.Build.0 = Debug|Any CPU
		{3037453B-DD36-22E9-BE51-32BDA9573E4E}.Release|Any CPU.ActiveCfg = Release|Any CPU
		{3037453B-DD36-22E9-BE51-32BDA9573E4E}.Release|Any CPU.Build.0 = Release|Any CPU
		{514EC10E-3DE5-C063-ECFD-4EC18AF46651}.Debug|Any CPU.ActiveCfg = Debug|Any CPU
		{514EC10E-3DE5-C063-ECFD-4EC18AF46651}.Debug|Any CPU.Build.0 = Debug|Any CPU
		{514EC10E-3DE5-C063-ECFD-4EC18AF46651}.Release|Any CPU.ActiveCfg = Release|Any CPU
		{514EC10E-3DE5-C063-ECFD-4EC18AF46651}.Release|Any CPU.Build.0 = Release|Any CPU
		{AF15AD87-132A-9C11-3CFB-6E42E9A3E642}.Debug|Any CPU.ActiveCfg = Debug|Any CPU
		{AF15AD87-132A-9C11-3CFB-6E42E9A3E642}.Debug|Any CPU.Build.0 = Debug|Any CPU
		{AF15AD87-132A-9C11-3CFB-6E42E9A3E642}.Release|Any CPU.ActiveCfg = Release|Any CPU
		{AF15AD87-132A-9C11-3CFB-6E42E9A3E642}.Release|Any CPU.Build.0 = Release|Any CPU
	EndGlobalSection
	GlobalSection(SolutionProperties) = preSolution
		HideSolutionNode = FALSE
	EndGlobalSection
	GlobalSection(ExtensibilityGlobals) = postSolution
		SolutionGuid = {123088D4-8AAD-4A67-979E-02F845D2DAB7}
	EndGlobalSection
EndGlobal
