
Microsoft Visual Studio Solution File, Format Version 12.00
# Visual Studio Version 16
VisualStudioVersion = 16.0.31702.278
MinimumVisualStudioVersion = 10.0.40219.1
Project("{FAE04EC0-301F-11D3-BF4B-00C04F79EFBC}") = "DateDiff", "DateDiff.csproj", "{14679001-A3CC-4233-9CE3-389781D3769A}"
EndProject
Global
	GlobalSection(SolutionConfigurationPlatforms) = preSolution
		Debug|Any CPU = Debug|Any CPU
		Release|Any CPU = Release|Any CPU
	EndGlobalSection
	GlobalSection(ProjectConfigurationPlatforms) = postSolution
		{14679001-A3CC-4233-9CE3-389781D3769A}.Debug|Any CPU.ActiveCfg = Debug|Any CPU
		{14679001-A3CC-4233-9CE3-389781D3769A}.Debug|Any CPU.Build.0 = Debug|Any CPU
		{14679001-A3CC-4233-9CE3-389781D3769A}.Release|Any CPU.ActiveCfg = Release|Any CPU
		{14679001-A3CC-4233-9CE3-389781D3769A}.Release|Any CPU.Build.0 = Release|Any CPU
	EndGlobalSection
	GlobalSection(SolutionProperties) = preSolution
		HideSolutionNode = FALSE
	EndGlobalSection
	GlobalSection(ExtensibilityGlobals) = postSolution
		SolutionGuid = {6B07DCB6-EE95-4179-B4BC-F95845AB58A2}
	EndGlobalSection
EndGlobal
