
Microsoft Visual Studio Solution File, Format Version 12.00
# Visual Studio Version 16
VisualStudioVersion = 16.0.31702.278
MinimumVisualStudioVersion = 10.0.40219.1
Project("{FAE04EC0-301F-11D3-BF4B-00C04F79EFBC}") = "ReturnMinutes", "ReturnMinutes.csproj", "{3E4D54E9-11AB-428F-9A98-F025754C161D}"
EndProject
Global
	GlobalSection(SolutionConfigurationPlatforms) = preSolution
		Debug|Any CPU = Debug|Any CPU
		Release|Any CPU = Release|Any CPU
	EndGlobalSection
	GlobalSection(ProjectConfigurationPlatforms) = postSolution
		{3E4D54E9-11AB-428F-9A98-F025754C161D}.Debug|Any CPU.ActiveCfg = Debug|Any CPU
		{3E4D54E9-11AB-428F-9A98-F025754C161D}.Debug|Any CPU.Build.0 = Debug|Any CPU
		{3E4D54E9-11AB-428F-9A98-F025754C161D}.Release|Any CPU.ActiveCfg = Release|Any CPU
		{3E4D54E9-11AB-428F-9A98-F025754C161D}.Release|Any CPU.Build.0 = Release|Any CPU
	EndGlobalSection
	GlobalSection(SolutionProperties) = preSolution
		HideSolutionNode = FALSE
	EndGlobalSection
	GlobalSection(ExtensibilityGlobals) = postSolution
		SolutionGuid = {AC6A78B0-16D8-4E32-8434-B340106AC448}
	EndGlobalSection
EndGlobal
