
Microsoft Visual Studio Solution File, Format Version 12.00
# Visual Studio Version 16
VisualStudioVersion = 16.0.31702.278
MinimumVisualStudioVersion = 10.0.40219.1
Project("{FAE04EC0-301F-11D3-BF4B-00C04F79EFBC}") = "DateToString", "DateToString.csproj", "{297DABD1-A000-4954-9DCF-216A55029871}"
EndProject
Global
	GlobalSection(SolutionConfigurationPlatforms) = preSolution
		Debug|Any CPU = Debug|Any CPU
		Release|Any CPU = Release|Any CPU
	EndGlobalSection
	GlobalSection(ProjectConfigurationPlatforms) = postSolution
		{297DABD1-A000-4954-9DCF-216A55029871}.Debug|Any CPU.ActiveCfg = Debug|Any CPU
		{297DABD1-A000-4954-9DCF-216A55029871}.Debug|Any CPU.Build.0 = Debug|Any CPU
		{297DABD1-A000-4954-9DCF-216A55029871}.Release|Any CPU.ActiveCfg = Release|Any CPU
		{297DABD1-A000-4954-9DCF-216A55029871}.Release|Any CPU.Build.0 = Release|Any CPU
	EndGlobalSection
	GlobalSection(SolutionProperties) = preSolution
		HideSolutionNode = FALSE
	EndGlobalSection
	GlobalSection(ExtensibilityGlobals) = postSolution
		SolutionGuid = {A770904A-101B-425B-8CB5-04B6D06C21D4}
	EndGlobalSection
EndGlobal
