
Microsoft Visual Studio Solution File, Format Version 12.00
# Visual Studio Version 16
VisualStudioVersion = 16.0.31702.278
MinimumVisualStudioVersion = 10.0.40219.1
Project("{FAE04EC0-301F-11D3-BF4B-00C04F79EFBC}") = "ListMin", "ListMin.csproj", "{43A746AA-9DD1-448D-A68B-8E6A1690AABD}"
EndProject
Global
	GlobalSection(SolutionConfigurationPlatforms) = preSolution
		Debug|Any CPU = Debug|Any CPU
		Release|Any CPU = Release|Any CPU
	EndGlobalSection
	GlobalSection(ProjectConfigurationPlatforms) = postSolution
		{43A746AA-9DD1-448D-A68B-8E6A1690AABD}.Debug|Any CPU.ActiveCfg = Debug|Any CPU
		{43A746AA-9DD1-448D-A68B-8E6A1690AABD}.Debug|Any CPU.Build.0 = Debug|Any CPU
		{43A746AA-9DD1-448D-A68B-8E6A1690AABD}.Release|Any CPU.ActiveCfg = Release|Any CPU
		{43A746AA-9DD1-448D-A68B-8E6A1690AABD}.Release|Any CPU.Build.0 = Release|Any CPU
	EndGlobalSection
	GlobalSection(SolutionProperties) = preSolution
		HideSolutionNode = FALSE
	EndGlobalSection
	GlobalSection(ExtensibilityGlobals) = postSolution
		SolutionGuid = {B2715F85-D32F-4756-82F1-C2696489DB92}
	EndGlobalSection
EndGlobal
