
Microsoft Visual Studio Solution File, Format Version 12.00
# Visual Studio Version 16
VisualStudioVersion = 16.0.31702.278
MinimumVisualStudioVersion = 10.0.40219.1
Project("{FAE04EC0-301F-11D3-BF4B-00C04F79EFBC}") = "ListCount", "ListCount.csproj", "{A3117DD7-D97B-42B4-B210-B689DBFEB4D5}"
EndProject
Global
	GlobalSection(SolutionConfigurationPlatforms) = preSolution
		Debug|Any CPU = Debug|Any CPU
		Release|Any CPU = Release|Any CPU
	EndGlobalSection
	GlobalSection(ProjectConfigurationPlatforms) = postSolution
		{A3117DD7-D97B-42B4-B210-B689DBFEB4D5}.Debug|Any CPU.ActiveCfg = Debug|Any CPU
		{A3117DD7-D97B-42B4-B210-B689DBFEB4D5}.Debug|Any CPU.Build.0 = Debug|Any CPU
		{A3117DD7-D97B-42B4-B210-B689DBFEB4D5}.Release|Any CPU.ActiveCfg = Release|Any CPU
		{A3117DD7-D97B-42B4-B210-B689DBFEB4D5}.Release|Any CPU.Build.0 = Release|Any CPU
	EndGlobalSection
	GlobalSection(SolutionProperties) = preSolution
		HideSolutionNode = FALSE
	EndGlobalSection
	GlobalSection(ExtensibilityGlobals) = postSolution
		SolutionGuid = {3EC24A0E-FCC4-4B75-B639-4AE06517CD5E}
	EndGlobalSection
EndGlobal
