
Microsoft Visual Studio Solution File, Format Version 12.00
# Visual Studio Version 16
VisualStudioVersion = 16.0.31702.278
MinimumVisualStudioVersion = 10.0.40219.1
Project("{FAE04EC0-301F-11D3-BF4B-00C04F79EFBC}") = "ListMean", "ListMean.csproj", "{85AA643B-9012-450D-B33D-C8C5CD8B60AC}"
EndProject
Global
	GlobalSection(SolutionConfigurationPlatforms) = preSolution
		Debug|Any CPU = Debug|Any CPU
		Release|Any CPU = Release|Any CPU
	EndGlobalSection
	GlobalSection(ProjectConfigurationPlatforms) = postSolution
		{85AA643B-9012-450D-B33D-C8C5CD8B60AC}.Debug|Any CPU.ActiveCfg = Debug|Any CPU
		{85AA643B-9012-450D-B33D-C8C5CD8B60AC}.Debug|Any CPU.Build.0 = Debug|Any CPU
		{85AA643B-9012-450D-B33D-C8C5CD8B60AC}.Release|Any CPU.ActiveCfg = Release|Any CPU
		{85AA643B-9012-450D-B33D-C8C5CD8B60AC}.Release|Any CPU.Build.0 = Release|Any CPU
	EndGlobalSection
	GlobalSection(SolutionProperties) = preSolution
		HideSolutionNode = FALSE
	EndGlobalSection
	GlobalSection(ExtensibilityGlobals) = postSolution
		SolutionGuid = {927428E3-4F3D-44FC-834E-773B18AFAA8B}
	EndGlobalSection
EndGlobal
