
Microsoft Visual Studio Solution File, Format Version 12.00
# Visual Studio Version 16
VisualStudioVersion = 16.0.31702.278
MinimumVisualStudioVersion = 10.0.40219.1
Project("{FAE04EC0-301F-11D3-BF4B-00C04F79EFBC}") = "Weekday", "Weekday.csproj", "{8CE56BC5-FFD0-4FBB-81DB-32FF1CC4057B}"
EndProject
Global
	GlobalSection(SolutionConfigurationPlatforms) = preSolution
		Debug|Any CPU = Debug|Any CPU
		Release|Any CPU = Release|Any CPU
	EndGlobalSection
	GlobalSection(ProjectConfigurationPlatforms) = postSolution
		{8CE56BC5-FFD0-4FBB-81DB-32FF1CC4057B}.Debug|Any CPU.ActiveCfg = Debug|Any CPU
		{8CE56BC5-FFD0-4FBB-81DB-32FF1CC4057B}.Debug|Any CPU.Build.0 = Debug|Any CPU
		{8CE56BC5-FFD0-4FBB-81DB-32FF1CC4057B}.Release|Any CPU.ActiveCfg = Release|Any CPU
		{8CE56BC5-FFD0-4FBB-81DB-32FF1CC4057B}.Release|Any CPU.Build.0 = Release|Any CPU
	EndGlobalSection
	GlobalSection(SolutionProperties) = preSolution
		HideSolutionNode = FALSE
	EndGlobalSection
	GlobalSection(ExtensibilityGlobals) = postSolution
		SolutionGuid = {8CD8903D-7138-4831-95E9-AD68A8D452DD}
	EndGlobalSection
EndGlobal
