
Microsoft Visual Studio Solution File, Format Version 12.00
# Visual Studio Version 16
VisualStudioVersion = 16.0.31702.278
MinimumVisualStudioVersion = 10.0.40219.1
Project("{FAE04EC0-301F-11D3-BF4B-00C04F79EFBC}") = "StringToLower", "StringToLower.csproj", "{9CC11F2D-E31F-4151-AD42-226C790887DB}"
EndProject
Global
	GlobalSection(SolutionConfigurationPlatforms) = preSolution
		Debug|Any CPU = Debug|Any CPU
		Release|Any CPU = Release|Any CPU
	EndGlobalSection
	GlobalSection(ProjectConfigurationPlatforms) = postSolution
		{9CC11F2D-E31F-4151-AD42-226C790887DB}.Debug|Any CPU.ActiveCfg = Debug|Any CPU
		{9CC11F2D-E31F-4151-AD42-226C790887DB}.Debug|Any CPU.Build.0 = Debug|Any CPU
		{9CC11F2D-E31F-4151-AD42-226C790887DB}.Release|Any CPU.ActiveCfg = Release|Any CPU
		{9CC11F2D-E31F-4151-AD42-226C790887DB}.Release|Any CPU.Build.0 = Release|Any CPU
	EndGlobalSection
	GlobalSection(SolutionProperties) = preSolution
		HideSolutionNode = FALSE
	EndGlobalSection
	GlobalSection(ExtensibilityGlobals) = postSolution
		SolutionGuid = {EEEFCB0C-C8C5-40A8-A442-EF95DF41E18E}
	EndGlobalSection
EndGlobal
