
Microsoft Visual Studio Solution File, Format Version 12.00
# Visual Studio Version 16
VisualStudioVersion = 16.0.31702.278
MinimumVisualStudioVersion = 10.0.40219.1
Project("{FAE04EC0-301F-11D3-BF4B-00C04F79EFBC}") = "ListSum", "ListSum.csproj", "{D95D5816-F1A7-46E6-96CE-78B961419FB0}"
EndProject
Global
	GlobalSection(SolutionConfigurationPlatforms) = preSolution
		Debug|Any CPU = Debug|Any CPU
		Release|Any CPU = Release|Any CPU
	EndGlobalSection
	GlobalSection(ProjectConfigurationPlatforms) = postSolution
		{D95D5816-F1A7-46E6-96CE-78B961419FB0}.Debug|Any CPU.ActiveCfg = Debug|Any CPU
		{D95D5816-F1A7-46E6-96CE-78B961419FB0}.Debug|Any CPU.Build.0 = Debug|Any CPU
		{D95D5816-F1A7-46E6-96CE-78B961419FB0}.Release|Any CPU.ActiveCfg = Release|Any CPU
		{D95D5816-F1A7-46E6-96CE-78B961419FB0}.Release|Any CPU.Build.0 = Release|Any CPU
	EndGlobalSection
	GlobalSection(SolutionProperties) = preSolution
		HideSolutionNode = FALSE
	EndGlobalSection
	GlobalSection(ExtensibilityGlobals) = postSolution
		SolutionGuid = {AF3544B2-3653-46B3-888E-71860D19C735}
	EndGlobalSection
EndGlobal
