
Microsoft Visual Studio Solution File, Format Version 12.00
# Visual Studio Version 16
VisualStudioVersion = 16.0.31702.278
MinimumVisualStudioVersion = 10.0.40219.1
Project("{FAE04EC0-301F-11D3-BF4B-00C04F79EFBC}") = "ListRemove", "ListRemove.csproj", "{8691C064-B381-465C-8CCF-6205AFBBE62C}"
EndProject
Global
	GlobalSection(SolutionConfigurationPlatforms) = preSolution
		Debug|Any CPU = Debug|Any CPU
		Release|Any CPU = Release|Any CPU
	EndGlobalSection
	GlobalSection(ProjectConfigurationPlatforms) = postSolution
		{8691C064-B381-465C-8CCF-6205AFBBE62C}.Debug|Any CPU.ActiveCfg = Debug|Any CPU
		{8691C064-B381-465C-8CCF-6205AFBBE62C}.Debug|Any CPU.Build.0 = Debug|Any CPU
		{8691C064-B381-465C-8CCF-6205AFBBE62C}.Release|Any CPU.ActiveCfg = Release|Any CPU
		{8691C064-B381-465C-8CCF-6205AFBBE62C}.Release|Any CPU.Build.0 = Release|Any CPU
	EndGlobalSection
	GlobalSection(SolutionProperties) = preSolution
		HideSolutionNode = FALSE
	EndGlobalSection
	GlobalSection(ExtensibilityGlobals) = postSolution
		SolutionGuid = {F79BAE35-1115-48FA-AB83-05EAA4A79212}
	EndGlobalSection
EndGlobal
