
Microsoft Visual Studio Solution File, Format Version 12.00
# Visual Studio Version 16
VisualStudioVersion = 16.0.31702.278
MinimumVisualStudioVersion = 10.0.40219.1
Project("{FAE04EC0-301F-11D3-BF4B-00C04F79EFBC}") = "StringTrimEnd", "StringTrimEnd.csproj", "{6979B9DC-F816-4614-B625-E779A921A738}"
EndProject
Global
	GlobalSection(SolutionConfigurationPlatforms) = preSolution
		Debug|Any CPU = Debug|Any CPU
		Release|Any CPU = Release|Any CPU
	EndGlobalSection
	GlobalSection(ProjectConfigurationPlatforms) = postSolution
		{6979B9DC-F816-4614-B625-E779A921A738}.Debug|Any CPU.ActiveCfg = Debug|Any CPU
		{6979B9DC-F816-4614-B625-E779A921A738}.Debug|Any CPU.Build.0 = Debug|Any CPU
		{6979B9DC-F816-4614-B625-E779A921A738}.Release|Any CPU.ActiveCfg = Release|Any CPU
		{6979B9DC-F816-4614-B625-E779A921A738}.Release|Any CPU.Build.0 = Release|Any CPU
	EndGlobalSection
	GlobalSection(SolutionProperties) = preSolution
		HideSolutionNode = FALSE
	EndGlobalSection
	GlobalSection(ExtensibilityGlobals) = postSolution
		SolutionGuid = {C825EB29-6147-452B-B704-1C21868A7889}
	EndGlobalSection
EndGlobal
