
Microsoft Visual Studio Solution File, Format Version 12.00
# Visual Studio Version 16
VisualStudioVersion = 16.0.31702.278
MinimumVisualStudioVersion = 10.0.40219.1
Project("{FAE04EC0-301F-11D3-BF4B-00C04F79EFBC}") = "WeekNum", "WeekNum.csproj", "{824267B3-F11F-4013-99CC-10D0B12BABC4}"
EndProject
Global
	GlobalSection(SolutionConfigurationPlatforms) = preSolution
		Debug|Any CPU = Debug|Any CPU
		Release|Any CPU = Release|Any CPU
	EndGlobalSection
	GlobalSection(ProjectConfigurationPlatforms) = postSolution
		{824267B3-F11F-4013-99CC-10D0B12BABC4}.Debug|Any CPU.ActiveCfg = Debug|Any CPU
		{824267B3-F11F-4013-99CC-10D0B12BABC4}.Debug|Any CPU.Build.0 = Debug|Any CPU
		{824267B3-F11F-4013-99CC-10D0B12BABC4}.Release|Any CPU.ActiveCfg = Release|Any CPU
		{824267B3-F11F-4013-99CC-10D0B12BABC4}.Release|Any CPU.Build.0 = Release|Any CPU
	EndGlobalSection
	GlobalSection(SolutionProperties) = preSolution
		HideSolutionNode = FALSE
	EndGlobalSection
	GlobalSection(ExtensibilityGlobals) = postSolution
		SolutionGuid = {5D7DA140-0DB1-44A0-B667-18BE7F03144D}
	EndGlobalSection
EndGlobal
