
Microsoft Visual Studio Solution File, Format Version 12.00
# Visual Studio Version 16
VisualStudioVersion = 16.0.31702.278
MinimumVisualStudioVersion = 10.0.40219.1
Project("{FAE04EC0-301F-11D3-BF4B-00C04F79EFBC}") = "ListMax", "ListMax.csproj", "{30624054-14FA-44CA-B8C0-F9AD0E306B4F}"
EndProject
Global
	GlobalSection(SolutionConfigurationPlatforms) = preSolution
		Debug|Any CPU = Debug|Any CPU
		Release|Any CPU = Release|Any CPU
	EndGlobalSection
	GlobalSection(ProjectConfigurationPlatforms) = postSolution
		{30624054-14FA-44CA-B8C0-F9AD0E306B4F}.Debug|Any CPU.ActiveCfg = Debug|Any CPU
		{30624054-14FA-44CA-B8C0-F9AD0E306B4F}.Debug|Any CPU.Build.0 = Debug|Any CPU
		{30624054-14FA-44CA-B8C0-F9AD0E306B4F}.Release|Any CPU.ActiveCfg = Release|Any CPU
		{30624054-14FA-44CA-B8C0-F9AD0E306B4F}.Release|Any CPU.Build.0 = Release|Any CPU
	EndGlobalSection
	GlobalSection(SolutionProperties) = preSolution
		HideSolutionNode = FALSE
	EndGlobalSection
	GlobalSection(ExtensibilityGlobals) = postSolution
		SolutionGuid = {0B2416D3-E9F8-471D-8060-2D1A1C96D547}
	EndGlobalSection
EndGlobal
