
Microsoft Visual Studio Solution File, Format Version 12.00
# Visual Studio Version 16
VisualStudioVersion = 16.0.31702.278
MinimumVisualStudioVersion = 10.0.40219.1
Project("{FAE04EC0-301F-11D3-BF4B-00C04F79EFBC}") = "Today", "Today.csproj", "{35A4CC9B-8D5A-4A1B-99FA-1C0D57B42218}"
EndProject
Global
	GlobalSection(SolutionConfigurationPlatforms) = preSolution
		Debug|Any CPU = Debug|Any CPU
		Release|Any CPU = Release|Any CPU
	EndGlobalSection
	GlobalSection(ProjectConfigurationPlatforms) = postSolution
		{35A4CC9B-8D5A-4A1B-99FA-1C0D57B42218}.Debug|Any CPU.ActiveCfg = Debug|Any CPU
		{35A4CC9B-8D5A-4A1B-99FA-1C0D57B42218}.Debug|Any CPU.Build.0 = Debug|Any CPU
		{35A4CC9B-8D5A-4A1B-99FA-1C0D57B42218}.Release|Any CPU.ActiveCfg = Release|Any CPU
		{35A4CC9B-8D5A-4A1B-99FA-1C0D57B42218}.Release|Any CPU.Build.0 = Release|Any CPU
	EndGlobalSection
	GlobalSection(SolutionProperties) = preSolution
		HideSolutionNode = FALSE
	EndGlobalSection
	GlobalSection(ExtensibilityGlobals) = postSolution
		SolutionGuid = {CED7E280-CB08-4D9A-A8B7-293A8B884035}
	EndGlobalSection
EndGlobal
