
Microsoft Visual Studio Solution File, Format Version 12.00
# Visual Studio Version 16
VisualStudioVersion = 16.0.31702.278
MinimumVisualStudioVersion = 10.0.40219.1
Project("{FAE04EC0-301F-11D3-BF4B-00C04F79EFBC}") = "StringIndexOf", "StringIndexOf.csproj", "{FDE4CCB6-EE90-4E3A-B36A-6D64E87E7CDA}"
EndProject
Global
	GlobalSection(SolutionConfigurationPlatforms) = preSolution
		Debug|Any CPU = Debug|Any CPU
		Release|Any CPU = Release|Any CPU
	EndGlobalSection
	GlobalSection(ProjectConfigurationPlatforms) = postSolution
		{FDE4CCB6-EE90-4E3A-B36A-6D64E87E7CDA}.Debug|Any CPU.ActiveCfg = Debug|Any CPU
		{FDE4CCB6-EE90-4E3A-B36A-6D64E87E7CDA}.Debug|Any CPU.Build.0 = Debug|Any CPU
		{FDE4CCB6-EE90-4E3A-B36A-6D64E87E7CDA}.Release|Any CPU.ActiveCfg = Release|Any CPU
		{FDE4CCB6-EE90-4E3A-B36A-6D64E87E7CDA}.Release|Any CPU.Build.0 = Release|Any CPU
	EndGlobalSection
	GlobalSection(SolutionProperties) = preSolution
		HideSolutionNode = FALSE
	EndGlobalSection
	GlobalSection(ExtensibilityGlobals) = postSolution
		SolutionGuid = {6A26C9C9-A847-43CE-8EE8-D1DA15F24118}
	EndGlobalSection
EndGlobal
